
Microsoft Visual Studio Solution File, Format Version 12.00
# Visual Studio Version 16
VisualStudioVersion = 16.0.29613.14
MinimumVisualStudioVersion = 10.0.40219.1
Project("{FAE04EC0-301F-11D3-BF4B-00C04F79EFBC}") = "COW.Android", "COW.Android\COW.Android.csproj", "{2320BA77-D257-47F0-AC7C-D24CD16A7FAA}"
EndProject
Project("{FAE04EC0-301F-11D3-BF4B-00C04F79EFBC}") = "COW.iOS", "COW.iOS\COW.iOS.csproj", "{0132D0F7-3B69-47B0-9AC8-3B9835CA261A}"
EndProject
Project("{FAE04EC0-301F-11D3-BF4B-00C04F79EFBC}") = "COW", "COW\COW.csproj", "{B8791AE8-F7E2-4404-914D-3AF2C0A351C4}"
EndProject
Project("{FAE04EC0-301F-11D3-BF4B-00C04F79EFBC}") = "COW.API", "COW.API\COW.API.csproj", "{DAC9AFD6-DA99-4931-BE10-AB7BF697BAD5}"
EndProject
Project("{FAE04EC0-301F-11D3-BF4B-00C04F79EFBC}") = "COW.Shared", "COW.Shared\COW.Shared.csproj", "{AE2173F8-B492-44C6-812B-5BBDACB3DDEB}"
EndProject
Global
	GlobalSection(SolutionConfigurationPlatforms) = preSolution
		Debug|Any CPU = Debug|Any CPU
		Debug|iPhone = Debug|iPhone
		Debug|iPhoneSimulator = Debug|iPhoneSimulator
		Release|Any CPU = Release|Any CPU
		Release|iPhone = Release|iPhone
		Release|iPhoneSimulator = Release|iPhoneSimulator
	EndGlobalSection
	GlobalSection(ProjectConfigurationPlatforms) = postSolution
		{2320BA77-D257-47F0-AC7C-D24CD16A7FAA}.Debug|Any CPU.ActiveCfg = Debug|Any CPU
		{2320BA77-D257-47F0-AC7C-D24CD16A7FAA}.Debug|Any CPU.Build.0 = Debug|Any CPU
		{2320BA77-D257-47F0-AC7C-D24CD16A7FAA}.Debug|Any CPU.Deploy.0 = Debug|Any CPU
		{2320BA77-D257-47F0-AC7C-D24CD16A7FAA}.Debug|iPhone.ActiveCfg = Debug|Any CPU
		{2320BA77-D257-47F0-AC7C-D24CD16A7FAA}.Debug|iPhone.Build.0 = Debug|Any CPU
		{2320BA77-D257-47F0-AC7C-D24CD16A7FAA}.Debug|iPhone.Deploy.0 = Debug|Any CPU
		{2320BA77-D257-47F0-AC7C-D24CD16A7FAA}.Debug|iPhoneSimulator.ActiveCfg = Debug|Any CPU
		{2320BA77-D257-47F0-AC7C-D24CD16A7FAA}.Debug|iPhoneSimulator.Build.0 = Debug|Any CPU
		{2320BA77-D257-47F0-AC7C-D24CD16A7FAA}.Debug|iPhoneSimulator.Deploy.0 = Debug|Any CPU
		{2320BA77-D257-47F0-AC7C-D24CD16A7FAA}.Release|Any CPU.ActiveCfg = Release|Any CPU
		{2320BA77-D257-47F0-AC7C-D24CD16A7FAA}.Release|Any CPU.Build.0 = Release|Any CPU
		{2320BA77-D257-47F0-AC7C-D24CD16A7FAA}.Release|Any CPU.Deploy.0 = Release|Any CPU
		{2320BA77-D257-47F0-AC7C-D24CD16A7FAA}.Release|iPhone.ActiveCfg = Release|Any CPU
		{2320BA77-D257-47F0-AC7C-D24CD16A7FAA}.Release|iPhone.Build.0 = Release|Any CPU
		{2320BA77-D257-47F0-AC7C-D24CD16A7FAA}.Release|iPhone.Deploy.0 = Release|Any CPU
		{2320BA77-D257-47F0-AC7C-D24CD16A7FAA}.Release|iPhoneSimulator.ActiveCfg = Release|Any CPU
		{2320BA77-D257-47F0-AC7C-D24CD16A7FAA}.Release|iPhoneSimulator.Build.0 = Release|Any CPU
		{2320BA77-D257-47F0-AC7C-D24CD16A7FAA}.Release|iPhoneSimulator.Deploy.0 = Release|Any CPU
		{0132D0F7-3B69-47B0-9AC8-3B9835CA261A}.Debug|Any CPU.ActiveCfg = Debug|iPhoneSimulator
		{0132D0F7-3B69-47B0-9AC8-3B9835CA261A}.Debug|Any CPU.Build.0 = Debug|iPhoneSimulator
		{0132D0F7-3B69-47B0-9AC8-3B9835CA261A}.Debug|Any CPU.Deploy.0 = Debug|iPhoneSimulator
		{0132D0F7-3B69-47B0-9AC8-3B9835CA261A}.Debug|iPhone.ActiveCfg = Debug|iPhone
		{0132D0F7-3B69-47B0-9AC8-3B9835CA261A}.Debug|iPhone.Build.0 = Debug|iPhone
		{0132D0F7-3B69-47B0-9AC8-3B9835CA261A}.Debug|iPhone.Deploy.0 = Debug|iPhone
		{0132D0F7-3B69-47B0-9AC8-3B9835CA261A}.Debug|iPhoneSimulator.ActiveCfg = Debug|iPhoneSimulator
		{0132D0F7-3B69-47B0-9AC8-3B9835CA261A}.Debug|iPhoneSimulator.Build.0 = Debug|iPhoneSimulator
		{0132D0F7-3B69-47B0-9AC8-3B9835CA261A}.Debug|iPhoneSimulator.Deploy.0 = Debug|iPhoneSimulator
		{0132D0F7-3B69-47B0-9AC8-3B9835CA261A}.Release|Any CPU.ActiveCfg = Release|iPhone
		{0132D0F7-3B69-47B0-9AC8-3B9835CA261A}.Release|Any CPU.Build.0 = Release|iPhone
		{0132D0F7-3B69-47B0-9AC8-3B9835CA261A}.Release|Any CPU.Deploy.0 = Release|iPhone
		{0132D0F7-3B69-47B0-9AC8-3B9835CA261A}.Release|iPhone.ActiveCfg = Release|iPhone
		{0132D0F7-3B69-47B0-9AC8-3B9835CA261A}.Release|iPhone.Build.0 = Release|iPhone
		{0132D0F7-3B69-47B0-9AC8-3B9835CA261A}.Release|iPhone.Deploy.0 = Release|iPhone
		{0132D0F7-3B69-47B0-9AC8-3B9835CA261A}.Release|iPhoneSimulator.ActiveCfg = Release|iPhoneSimulator
		{0132D0F7-3B69-47B0-9AC8-3B9835CA261A}.Release|iPhoneSimulator.Build.0 = Release|iPhoneSimulator
		{0132D0F7-3B69-47B0-9AC8-3B9835CA261A}.Release|iPhoneSimulator.Deploy.0 = Release|iPhoneSimulator
		{B8791AE8-F7E2-4404-914D-3AF2C0A351C4}.Debug|Any CPU.ActiveCfg = Debug|Any CPU
		{B8791AE8-F7E2-4404-914D-3AF2C0A351C4}.Debug|Any CPU.Build.0 = Debug|Any CPU
		{B8791AE8-F7E2-4404-914D-3AF2C0A351C4}.Debug|Any CPU.Deploy.0 = Debug|Any CPU
		{B8791AE8-F7E2-4404-914D-3AF2C0A351C4}.Debug|iPhone.ActiveCfg = Debug|Any CPU
		{B8791AE8-F7E2-4404-914D-3AF2C0A351C4}.Debug|iPhone.Build.0 = Debug|Any CPU
		{B8791AE8-F7E2-4404-914D-3AF2C0A351C4}.Debug|iPhone.Deploy.0 = Debug|Any CPU
		{B8791AE8-F7E2-4404-914D-3AF2C0A351C4}.Debug|iPhoneSimulator.ActiveCfg = Debug|Any CPU
		{B8791AE8-F7E2-4404-914D-3AF2C0A351C4}.Debug|iPhoneSimulator.Build.0 = Debug|Any CPU
		{B8791AE8-F7E2-4404-914D-3AF2C0A351C4}.Debug|iPhoneSimulator.Deploy.0 = Debug|Any CPU
		{B8791AE8-F7E2-4404-914D-3AF2C0A351C4}.Release|Any CPU.ActiveCfg = Release|Any CPU
		{B8791AE8-F7E2-4404-914D-3AF2C0A351C4}.Release|Any CPU.Build.0 = Release|Any CPU
		{B8791AE8-F7E2-4404-914D-3AF2C0A351C4}.Release|Any CPU.Deploy.0 = Release|Any CPU
		{B8791AE8-F7E2-4404-914D-3AF2C0A351C4}.Release|iPhone.ActiveCfg = Release|Any CPU
		{B8791AE8-F7E2-4404-914D-3AF2C0A351C4}.Release|iPhone.Build.0 = Release|Any CPU
		{B8791AE8-F7E2-4404-914D-3AF2C0A351C4}.Release|iPhone.Deploy.0 = Release|Any CPU
		{B8791AE8-F7E2-4404-914D-3AF2C0A351C4}.Release|iPhoneSimulator.ActiveCfg = Release|Any CPU
		{B8791AE8-F7E2-4404-914D-3AF2C0A351C4}.Release|iPhoneSimulator.Build.0 = Release|Any CPU
		{B8791AE8-F7E2-4404-914D-3AF2C0A351C4}.Release|iPhoneSimulator.Deploy.0 = Release|Any CPU
		{DAC9AFD6-DA99-4931-BE10-AB7BF697BAD5}.Debug|Any CPU.ActiveCfg = Debug|Any CPU
		{DAC9AFD6-DA99-4931-BE10-AB7BF697BAD5}.Debug|Any CPU.Build.0 = Debug|Any CPU
		{DAC9AFD6-DA99-4931-BE10-AB7BF697BAD5}.Debug|iPhone.ActiveCfg = Debug|Any CPU
		{DAC9AFD6-DA99-4931-BE10-AB7BF697BAD5}.Debug|iPhone.Build.0 = Debug|Any CPU
		{DAC9AFD6-DA99-4931-BE10-AB7BF697BAD5}.Debug|iPhoneSimulator.ActiveCfg = Debug|Any CPU
		{DAC9AFD6-DA99-4931-BE10-AB7BF697BAD5}.Debug|iPhoneSimulator.Build.0 = Debug|Any CPU
		{DAC9AFD6-DA99-4931-BE10-AB7BF697BAD5}.Release|Any CPU.ActiveCfg = Release|Any CPU
		{DAC9AFD6-DA99-4931-BE10-AB7BF697BAD5}.Release|Any CPU.Build.0 = Release|Any CPU
		{DAC9AFD6-DA99-4931-BE10-AB7BF697BAD5}.Release|iPhone.ActiveCfg = Release|Any CPU
		{DAC9AFD6-DA99-4931-BE10-AB7BF697BAD5}.Release|iPhone.Build.0 = Release|Any CPU
		{DAC9AFD6-DA99-4931-BE10-AB7BF697BAD5}.Release|iPhoneSimulator.ActiveCfg = Release|Any CPU
		{DAC9AFD6-DA99-4931-BE10-AB7BF697BAD5}.Release|iPhoneSimulator.Build.0 = Release|Any CPU
		{AE2173F8-B492-44C6-812B-5BBDACB3DDEB}.Debug|Any CPU.ActiveCfg = Debug|Any CPU
		{AE2173F8-B492-44C6-812B-5BBDACB3DDEB}.Debug|Any CPU.Build.0 = Debug|Any CPU
		{AE2173F8-B492-44C6-812B-5BBDACB3DDEB}.Debug|iPhone.ActiveCfg = Debug|Any CPU
		{AE2173F8-B492-44C6-812B-5BBDACB3DDEB}.Debug|iPhone.Build.0 = Debug|Any CPU
		{AE2173F8-B492-44C6-812B-5BBDACB3DDEB}.Debug|iPhoneSimulator.ActiveCfg = Debug|Any CPU
		{AE2173F8-B492-44C6-812B-5BBDACB3DDEB}.Debug|iPhoneSimulator.Build.0 = Debug|Any CPU
		{AE2173F8-B492-44C6-812B-5BBDACB3DDEB}.Release|Any CPU.ActiveCfg = Release|Any CPU
		{AE2173F8-B492-44C6-812B-5BBDACB3DDEB}.Release|Any CPU.Build.0 = Release|Any CPU
		{AE2173F8-B492-44C6-812B-5BBDACB3DDEB}.Release|iPhone.ActiveCfg = Release|Any CPU
		{AE2173F8-B492-44C6-812B-5BBDACB3DDEB}.Release|iPhone.Build.0 = Release|Any CPU
		{AE2173F8-B492-44C6-812B-5BBDACB3DDEB}.Release|iPhoneSimulator.ActiveCfg = Release|Any CPU
		{AE2173F8-B492-44C6-812B-5BBDACB3DDEB}.Release|iPhoneSimulator.Build.0 = Release|Any CPU
	EndGlobalSection
	GlobalSection(SolutionProperties) = preSolution
		HideSolutionNode = FALSE
	EndGlobalSection
	GlobalSection(ExtensibilityGlobals) = postSolution
		SolutionGuid = {52FC490D-4CBC-4315-83BD-36725F079097}
	EndGlobalSection
EndGlobal
