
Microsoft Visual Studio Solution File, Format Version 12.00
# Visual Studio Version 16
VisualStudioVersion = 16.0.29613.14
MinimumVisualStudioVersion = 10.0.40219.1
Project("{9A19103F-16F7-4668-BE54-9A1E7A4F7556}") = "COW.API", "COW.API\COW.API.csproj", "{DAC9AFD6-DA99-4931-BE10-AB7BF697BAD5}"
EndProject
Project("{9A19103F-16F7-4668-BE54-9A1E7A4F7556}") = "COW.Data", "COW.Data\COW.Data.csproj", "{F450D544-5580-47BC-8C11-A21C871287C3}"
EndProject
Project("{9A19103F-16F7-4668-BE54-9A1E7A4F7556}") = "COW.Model", "COW.Model\COW.Model.csproj", "{A6F19E88-76A3-4670-A67C-09C30388AE42}"
EndProject
Project("{9A19103F-16F7-4668-BE54-9A1E7A4F7556}") = "COW.Service", "COW.Service\COW.Service.csproj", "{10DECD01-E18E-4B55-8235-6FE4954A9AA5}"
EndProject
Global
	GlobalSection(SolutionConfigurationPlatforms) = preSolution
		Debug|Any CPU = Debug|Any CPU
		Debug|iPhone = Debug|iPhone
		Debug|iPhoneSimulator = Debug|iPhoneSimulator
		Release|Any CPU = Release|Any CPU
		Release|iPhone = Release|iPhone
		Release|iPhoneSimulator = Release|iPhoneSimulator
	EndGlobalSection
	GlobalSection(ProjectConfigurationPlatforms) = postSolution
		{DAC9AFD6-DA99-4931-BE10-AB7BF697BAD5}.Debug|Any CPU.ActiveCfg = Debug|Any CPU
		{DAC9AFD6-DA99-4931-BE10-AB7BF697BAD5}.Debug|Any CPU.Build.0 = Debug|Any CPU
		{DAC9AFD6-DA99-4931-BE10-AB7BF697BAD5}.Debug|iPhone.ActiveCfg = Debug|Any CPU
		{DAC9AFD6-DA99-4931-BE10-AB7BF697BAD5}.Debug|iPhone.Build.0 = Debug|Any CPU
		{DAC9AFD6-DA99-4931-BE10-AB7BF697BAD5}.Debug|iPhoneSimulator.ActiveCfg = Debug|Any CPU
		{DAC9AFD6-DA99-4931-BE10-AB7BF697BAD5}.Debug|iPhoneSimulator.Build.0 = Debug|Any CPU
		{DAC9AFD6-DA99-4931-BE10-AB7BF697BAD5}.Release|Any CPU.ActiveCfg = Release|Any CPU
		{DAC9AFD6-DA99-4931-BE10-AB7BF697BAD5}.Release|Any CPU.Build.0 = Release|Any CPU
		{DAC9AFD6-DA99-4931-BE10-AB7BF697BAD5}.Release|iPhone.ActiveCfg = Release|Any CPU
		{DAC9AFD6-DA99-4931-BE10-AB7BF697BAD5}.Release|iPhone.Build.0 = Release|Any CPU
		{DAC9AFD6-DA99-4931-BE10-AB7BF697BAD5}.Release|iPhoneSimulator.ActiveCfg = Release|Any CPU
		{DAC9AFD6-DA99-4931-BE10-AB7BF697BAD5}.Release|iPhoneSimulator.Build.0 = Release|Any CPU
		{F450D544-5580-47BC-8C11-A21C871287C3}.Debug|Any CPU.ActiveCfg = Debug|Any CPU
		{F450D544-5580-47BC-8C11-A21C871287C3}.Debug|Any CPU.Build.0 = Debug|Any CPU
		{F450D544-5580-47BC-8C11-A21C871287C3}.Debug|iPhone.ActiveCfg = Debug|Any CPU
		{F450D544-5580-47BC-8C11-A21C871287C3}.Debug|iPhone.Build.0 = Debug|Any CPU
		{F450D544-5580-47BC-8C11-A21C871287C3}.Debug|iPhoneSimulator.ActiveCfg = Debug|Any CPU
		{F450D544-5580-47BC-8C11-A21C871287C3}.Debug|iPhoneSimulator.Build.0 = Debug|Any CPU
		{F450D544-5580-47BC-8C11-A21C871287C3}.Release|Any CPU.ActiveCfg = Release|Any CPU
		{F450D544-5580-47BC-8C11-A21C871287C3}.Release|Any CPU.Build.0 = Release|Any CPU
		{F450D544-5580-47BC-8C11-A21C871287C3}.Release|iPhone.ActiveCfg = Release|Any CPU
		{F450D544-5580-47BC-8C11-A21C871287C3}.Release|iPhone.Build.0 = Release|Any CPU
		{F450D544-5580-47BC-8C11-A21C871287C3}.Release|iPhoneSimulator.ActiveCfg = Release|Any CPU
		{F450D544-5580-47BC-8C11-A21C871287C3}.Release|iPhoneSimulator.Build.0 = Release|Any CPU
		{A6F19E88-76A3-4670-A67C-09C30388AE42}.Debug|Any CPU.ActiveCfg = Debug|Any CPU
		{A6F19E88-76A3-4670-A67C-09C30388AE42}.Debug|Any CPU.Build.0 = Debug|Any CPU
		{A6F19E88-76A3-4670-A67C-09C30388AE42}.Debug|iPhone.ActiveCfg = Debug|Any CPU
		{A6F19E88-76A3-4670-A67C-09C30388AE42}.Debug|iPhone.Build.0 = Debug|Any CPU
		{A6F19E88-76A3-4670-A67C-09C30388AE42}.Debug|iPhoneSimulator.ActiveCfg = Debug|Any CPU
		{A6F19E88-76A3-4670-A67C-09C30388AE42}.Debug|iPhoneSimulator.Build.0 = Debug|Any CPU
		{A6F19E88-76A3-4670-A67C-09C30388AE42}.Release|Any CPU.ActiveCfg = Release|Any CPU
		{A6F19E88-76A3-4670-A67C-09C30388AE42}.Release|Any CPU.Build.0 = Release|Any CPU
		{A6F19E88-76A3-4670-A67C-09C30388AE42}.Release|iPhone.ActiveCfg = Release|Any CPU
		{A6F19E88-76A3-4670-A67C-09C30388AE42}.Release|iPhone.Build.0 = Release|Any CPU
		{A6F19E88-76A3-4670-A67C-09C30388AE42}.Release|iPhoneSimulator.ActiveCfg = Release|Any CPU
		{A6F19E88-76A3-4670-A67C-09C30388AE42}.Release|iPhoneSimulator.Build.0 = Release|Any CPU
		{10DECD01-E18E-4B55-8235-6FE4954A9AA5}.Debug|Any CPU.ActiveCfg = Debug|Any CPU
		{10DECD01-E18E-4B55-8235-6FE4954A9AA5}.Debug|Any CPU.Build.0 = Debug|Any CPU
		{10DECD01-E18E-4B55-8235-6FE4954A9AA5}.Debug|iPhone.ActiveCfg = Debug|Any CPU
		{10DECD01-E18E-4B55-8235-6FE4954A9AA5}.Debug|iPhone.Build.0 = Debug|Any CPU
		{10DECD01-E18E-4B55-8235-6FE4954A9AA5}.Debug|iPhoneSimulator.ActiveCfg = Debug|Any CPU
		{10DECD01-E18E-4B55-8235-6FE4954A9AA5}.Debug|iPhoneSimulator.Build.0 = Debug|Any CPU
		{10DECD01-E18E-4B55-8235-6FE4954A9AA5}.Release|Any CPU.ActiveCfg = Release|Any CPU
		{10DECD01-E18E-4B55-8235-6FE4954A9AA5}.Release|Any CPU.Build.0 = Release|Any CPU
		{10DECD01-E18E-4B55-8235-6FE4954A9AA5}.Release|iPhone.ActiveCfg = Release|Any CPU
		{10DECD01-E18E-4B55-8235-6FE4954A9AA5}.Release|iPhone.Build.0 = Release|Any CPU
		{10DECD01-E18E-4B55-8235-6FE4954A9AA5}.Release|iPhoneSimulator.ActiveCfg = Release|Any CPU
		{10DECD01-E18E-4B55-8235-6FE4954A9AA5}.Release|iPhoneSimulator.Build.0 = Release|Any CPU
	EndGlobalSection
	GlobalSection(SolutionProperties) = preSolution
		HideSolutionNode = FALSE
	EndGlobalSection
	GlobalSection(ExtensibilityGlobals) = postSolution
		SolutionGuid = {52FC490D-4CBC-4315-83BD-36725F079097}
	EndGlobalSection
EndGlobal
